
Microsoft Visual Studio Solution File, Format Version 12.00
# Visual Studio 15
VisualStudioVersion = 15.0.28307.572
MinimumVisualStudioVersion = 10.0.40219.1
Project("{FAE04EC0-301F-11D3-BF4B-00C04F79EFBC}") = "POS", "POS\POS.csproj", "{D0925005-A3F2-40ED-8A53-F2E213B0D213}"
EndProject
Global
	GlobalSection(SolutionConfigurationPlatforms) = preSolution
		Debug|Any CPU = Debug|Any CPU
		Release|Any CPU = Release|Any CPU
	EndGlobalSection
	GlobalSection(ProjectConfigurationPlatforms) = postSolution
		{D0925005-A3F2-40ED-8A53-F2E213B0D213}.Debug|Any CPU.ActiveCfg = Debug|Any CPU
		{D0925005-A3F2-40ED-8A53-F2E213B0D213}.Debug|Any CPU.Build.0 = Debug|Any CPU
		{D0925005-A3F2-40ED-8A53-F2E213B0D213}.Release|Any CPU.ActiveCfg = Release|Any CPU
		{D0925005-A3F2-40ED-8A53-F2E213B0D213}.Release|Any CPU.Build.0 = Release|Any CPU
	EndGlobalSection
	GlobalSection(SolutionProperties) = preSolution
		HideSolutionNode = FALSE
	EndGlobalSection
	GlobalSection(ExtensibilityGlobals) = postSolution
		SolutionGuid = {30FB8552-AF6D-4B64-A558-8731AC22C9A7}
	EndGlobalSection
EndGlobal
